
Microsoft Visual Studio Solution File, Format Version 12.00
# Visual Studio Version 16
VisualStudioVersion = 16.0.29009.5
MinimumVisualStudioVersion = 10.0.40219.1
Project("{FAE04EC0-301F-11D3-BF4B-00C04F79EFBC}") = "CleanDemoProject", "CleanDemoProject\CleanDemoProject.csproj", "{37FB799E-D082-4BF4-B427-D942E9AD9B6A}"
EndProject
Global
	GlobalSection(SolutionConfigurationPlatforms) = preSolution
		Debug|Any CPU = Debug|Any CPU
		Release|Any CPU = Release|Any CPU
	EndGlobalSection
	GlobalSection(ProjectConfigurationPlatforms) = postSolution
		{37FB799E-D082-4BF4-B427-D942E9AD9B6A}.Debug|Any CPU.ActiveCfg = Debug|Any CPU
		{37FB799E-D082-4BF4-B427-D942E9AD9B6A}.Debug|Any CPU.Build.0 = Debug|Any CPU
		{37FB799E-D082-4BF4-B427-D942E9AD9B6A}.Release|Any CPU.ActiveCfg = Release|Any CPU
		{37FB799E-D082-4BF4-B427-D942E9AD9B6A}.Release|Any CPU.Build.0 = Release|Any CPU
	EndGlobalSection
	GlobalSection(SolutionProperties) = preSolution
		HideSolutionNode = FALSE
	EndGlobalSection
	GlobalSection(ExtensibilityGlobals) = postSolution
		SolutionGuid = {20FCEDFB-4A50-40D9-A4D0-15DFC21D8B63}
	EndGlobalSection
EndGlobal
